
Microsoft Visual Studio Solution File, Format Version 12.00
# Visual Studio Version 17
VisualStudioVersion = 17.11.35312.102
MinimumVisualStudioVersion = 10.0.40219.1
Project("{9A19103F-16F7-4668-BE54-9A1E7A4F7556}") = "InfantCouture", "InfantCouture.csproj", "{94E45A01-EA2A-42F7-912F-92B2B5DBF9EE}"
EndProject
Global
	GlobalSection(SolutionConfigurationPlatforms) = preSolution
		Debug|Any CPU = Debug|Any CPU
		Release|Any CPU = Release|Any CPU
	EndGlobalSection
	GlobalSection(ProjectConfigurationPlatforms) = postSolution
		{94E45A01-EA2A-42F7-912F-92B2B5DBF9EE}.Debug|Any CPU.ActiveCfg = Debug|Any CPU
		{94E45A01-EA2A-42F7-912F-92B2B5DBF9EE}.Debug|Any CPU.Build.0 = Debug|Any CPU
		{94E45A01-EA2A-42F7-912F-92B2B5DBF9EE}.Release|Any CPU.ActiveCfg = Release|Any CPU
		{94E45A01-EA2A-42F7-912F-92B2B5DBF9EE}.Release|Any CPU.Build.0 = Release|Any CPU
	EndGlobalSection
	GlobalSection(SolutionProperties) = preSolution
		HideSolutionNode = FALSE
	EndGlobalSection
	GlobalSection(ExtensibilityGlobals) = postSolution
		SolutionGuid = {C4291EAF-7B4F-467A-BDF1-CC29C56B6144}
	EndGlobalSection
EndGlobal
